
Microsoft Visual Studio Solution File, Format Version 12.00
# Visual Studio 15
VisualStudioVersion = 15.0.28010.2036
MinimumVisualStudioVersion = 10.0.40219.1
Project("{FAE04EC0-301F-11D3-BF4B-00C04F79EFBC}") = "ApiStackNet", "ApiStackNet\ApiStackNet.csproj", "{1CB965AE-BC53-4072-B38F-F01E31D0127F}"
EndProject
Project("{FAE04EC0-301F-11D3-BF4B-00C04F79EFBC}") = "ApiStackNet.Demo", "ApiStackNet.Demo\ApiStackNet.Demo.csproj", "{5F1B8ABC-CA04-4CA9-BF4C-63312522C0BA}"
EndProject
Project("{FAE04EC0-301F-11D3-BF4B-00C04F79EFBC}") = "ApiStackNetTest", "ApiStackNetTest\ApiStackNetTest.csproj", "{FB27A94A-9A16-4DD3-9E59-E17E201D598C}"
EndProject
Project("{FAE04EC0-301F-11D3-BF4B-00C04F79EFBC}") = "ApiStackNetDemoTest", "UnitTestProject2\ApiStackNetDemoTest.csproj", "{0848B53A-C715-4FC1-A85F-F7281BF49AE8}"
EndProject
Global
	GlobalSection(SolutionConfigurationPlatforms) = preSolution
		Debug|Any CPU = Debug|Any CPU
		Release|Any CPU = Release|Any CPU
	EndGlobalSection
	GlobalSection(ProjectConfigurationPlatforms) = postSolution
		{1CB965AE-BC53-4072-B38F-F01E31D0127F}.Debug|Any CPU.ActiveCfg = Debug|Any CPU
		{1CB965AE-BC53-4072-B38F-F01E31D0127F}.Debug|Any CPU.Build.0 = Debug|Any CPU
		{1CB965AE-BC53-4072-B38F-F01E31D0127F}.Release|Any CPU.ActiveCfg = Release|Any CPU
		{1CB965AE-BC53-4072-B38F-F01E31D0127F}.Release|Any CPU.Build.0 = Release|Any CPU
		{5F1B8ABC-CA04-4CA9-BF4C-63312522C0BA}.Debug|Any CPU.ActiveCfg = Debug|Any CPU
		{5F1B8ABC-CA04-4CA9-BF4C-63312522C0BA}.Debug|Any CPU.Build.0 = Debug|Any CPU
		{5F1B8ABC-CA04-4CA9-BF4C-63312522C0BA}.Release|Any CPU.ActiveCfg = Release|Any CPU
		{5F1B8ABC-CA04-4CA9-BF4C-63312522C0BA}.Release|Any CPU.Build.0 = Release|Any CPU
		{FB27A94A-9A16-4DD3-9E59-E17E201D598C}.Debug|Any CPU.ActiveCfg = Debug|Any CPU
		{FB27A94A-9A16-4DD3-9E59-E17E201D598C}.Debug|Any CPU.Build.0 = Debug|Any CPU
		{FB27A94A-9A16-4DD3-9E59-E17E201D598C}.Release|Any CPU.ActiveCfg = Release|Any CPU
		{FB27A94A-9A16-4DD3-9E59-E17E201D598C}.Release|Any CPU.Build.0 = Release|Any CPU
		{0848B53A-C715-4FC1-A85F-F7281BF49AE8}.Debug|Any CPU.ActiveCfg = Debug|Any CPU
		{0848B53A-C715-4FC1-A85F-F7281BF49AE8}.Debug|Any CPU.Build.0 = Debug|Any CPU
		{0848B53A-C715-4FC1-A85F-F7281BF49AE8}.Release|Any CPU.ActiveCfg = Release|Any CPU
		{0848B53A-C715-4FC1-A85F-F7281BF49AE8}.Release|Any CPU.Build.0 = Release|Any CPU
	EndGlobalSection
	GlobalSection(SolutionProperties) = preSolution
		HideSolutionNode = FALSE
	EndGlobalSection
	GlobalSection(ExtensibilityGlobals) = postSolution
		SolutionGuid = {657606DD-608C-496A-82AD-F8D7645ADC35}
	EndGlobalSection
EndGlobal
